
Microsoft Visual Studio Solution File, Format Version 12.00
# Visual Studio 2015
Project("{FAE04EC0-301F-11D3-BF4B-00C04F79EFBC}") = "SessionProject.CSharp", "SessionProject.CSharp.csproj", "{9A64CB38-09A4-9F2E-411B-4A01129A1390}"
EndProject
Global
	GlobalSection(SolutionConfigurationPlatforms) = preSolution
		Debug|Any CPU = Debug|Any CPU
		Release|Any CPU = Release|Any CPU
	EndGlobalSection
	GlobalSection(ProjectConfigurationPlatforms) = postSolution
		{9A64CB38-09A4-9F2E-411B-4A01129A1390}.Debug|Any CPU.ActiveCfg = Debug|Any CPU
		{9A64CB38-09A4-9F2E-411B-4A01129A1390}.Debug|Any CPU.Build.0 = Debug|Any CPU
		{9A64CB38-09A4-9F2E-411B-4A01129A1390}.Release|Any CPU.ActiveCfg = Release|Any CPU
		{9A64CB38-09A4-9F2E-411B-4A01129A1390}.Release|Any CPU.Build.0 = Release|Any CPU
	EndGlobalSection
	GlobalSection(SolutionProperties) = preSolution
		HideSolutionNode = FALSE
	EndGlobalSection
EndGlobal
